// !$*UTF8*$!
{
	archiveVersion = 1;
	classes = {
	};
	objectVersion = 46;
	objects = {

/* Begin PBXBuildFile section */
		87D3A3D817F579F00091D792 /* Foundation.framework in Frameworks */ = {isa = PBXBuildFile; fileRef = 87D3A3D717F579F00091D792 /* Foundation.framework */; };
		87D3A3DA17F579F00091D792 /* CoreGraphics.framework in Frameworks */ = {isa = PBXBuildFile; fileRef = 87D3A3D917F579F00091D792 /* CoreGraphics.framework */; };
		87D3A3DC17F579F00091D792 /* UIKit.framework in Frameworks */ = {isa = PBXBuildFile; fileRef = 87D3A3DB17F579F00091D792 /* UIKit.framework */; };
		87D3A3F117F579F00091D792 /* XCTest.framework in Frameworks */ = {isa = PBXBuildFile; fileRef = 87D3A3F017F579F00091D792 /* XCTest.framework */; };
		87D3A3F217F579F00091D792 /* Foundation.framework in Frameworks */ = {isa = PBXBuildFile; fileRef = 87D3A3D717F579F00091D792 /* Foundation.framework */; };
		87D3A3F317F579F00091D792 /* UIKit.framework in Frameworks */ = {isa = PBXBuildFile; fileRef = 87D3A3DB17F579F00091D792 /* UIKit.framework */; };
		87D3A3FB17F579F00091D792 /* InfoPlist.strings in Resources */ = {isa = PBXBuildFile; fileRef = 87D3A3F917F579F00091D792 /* InfoPlist.strings */; };
		87D3A3FD17F579F00091D792 /* NNRotationBannerTests.m in Sources */ = {isa = PBXBuildFile; fileRef = 87D3A3FC17F579F00091D792 /* NNRotationBannerTests.m */; };
		87D3A40F17F57A090091D792 /* InfoPlist.strings in Resources */ = {isa = PBXBuildFile; fileRef = 87D3A40717F57A090091D792 /* InfoPlist.strings */; };
		87D3A41017F57A090091D792 /* Images.xcassets in Resources */ = {isa = PBXBuildFile; fileRef = 87D3A40917F57A090091D792 /* Images.xcassets */; };
		87D3A41117F57A090091D792 /* main.m in Sources */ = {isa = PBXBuildFile; fileRef = 87D3A40A17F57A090091D792 /* main.m */; };
		87D3A41217F57A090091D792 /* NNAppDelegate.m in Sources */ = {isa = PBXBuildFile; fileRef = 87D3A40C17F57A090091D792 /* NNAppDelegate.m */; };
		87D3A41617F57A180091D792 /* NNViewController.m in Sources */ = {isa = PBXBuildFile; fileRef = 87D3A41517F57A180091D792 /* NNViewController.m */; };
		87D3A41917F57A620091D792 /* NNRotationBanner.m in Sources */ = {isa = PBXBuildFile; fileRef = 87D3A41817F57A620091D792 /* NNRotationBanner.m */; };
		87D3A41C17F57AEB0091D792 /* NNRotationBannerCell.m in Sources */ = {isa = PBXBuildFile; fileRef = 87D3A41B17F57AEB0091D792 /* NNRotationBannerCell.m */; };
/* End PBXBuildFile section */

/* Begin PBXContainerItemProxy section */
		87D3A3F417F579F00091D792 /* PBXContainerItemProxy */ = {
			isa = PBXContainerItemProxy;
			containerPortal = 87D3A3CC17F579EF0091D792 /* Project object */;
			proxyType = 1;
			remoteGlobalIDString = 87D3A3D317F579F00091D792;
			remoteInfo = NNRotationBanner;
		};
/* End PBXContainerItemProxy section */

/* Begin PBXFileReference section */
		87D3A3D417F579F00091D792 /* NNRotationBannerDemo.app */ = {isa = PBXFileReference; explicitFileType = wrapper.application; includeInIndex = 0; path = NNRotationBannerDemo.app; sourceTree = BUILT_PRODUCTS_DIR; };
		87D3A3D717F579F00091D792 /* Foundation.framework */ = {isa = PBXFileReference; lastKnownFileType = wrapper.framework; name = Foundation.framework; path = System/Library/Frameworks/Foundation.framework; sourceTree = SDKROOT; };
		87D3A3D917F579F00091D792 /* CoreGraphics.framework */ = {isa = PBXFileReference; lastKnownFileType = wrapper.framework; name = CoreGraphics.framework; path = System/Library/Frameworks/CoreGraphics.framework; sourceTree = SDKROOT; };
		87D3A3DB17F579F00091D792 /* UIKit.framework */ = {isa = PBXFileReference; lastKnownFileType = wrapper.framework; name = UIKit.framework; path = System/Library/Frameworks/UIKit.framework; sourceTree = SDKROOT; };
		87D3A3EF17F579F00091D792 /* NNRotationBannerTests.xctest */ = {isa = PBXFileReference; explicitFileType = wrapper.cfbundle; includeInIndex = 0; path = NNRotationBannerTests.xctest; sourceTree = BUILT_PRODUCTS_DIR; };
		87D3A3F017F579F00091D792 /* XCTest.framework */ = {isa = PBXFileReference; lastKnownFileType = wrapper.framework; name = XCTest.framework; path = Library/Frameworks/XCTest.framework; sourceTree = DEVELOPER_DIR; };
		87D3A3F817F579F00091D792 /* NNRotationBannerTests-Info.plist */ = {isa = PBXFileReference; lastKnownFileType = text.plist.xml; path = "NNRotationBannerTests-Info.plist"; sourceTree = "<group>"; };
		87D3A3FA17F579F00091D792 /* en */ = {isa = PBXFileReference; lastKnownFileType = text.plist.strings; name = en; path = en.lproj/InfoPlist.strings; sourceTree = "<group>"; };
		87D3A3FC17F579F00091D792 /* NNRotationBannerTests.m */ = {isa = PBXFileReference; lastKnownFileType = sourcecode.c.objc; path = NNRotationBannerTests.m; sourceTree = "<group>"; };
		87D3A40817F57A090091D792 /* en */ = {isa = PBXFileReference; lastKnownFileType = text.plist.strings; name = en; path = en.lproj/InfoPlist.strings; sourceTree = "<group>"; };
		87D3A40917F57A090091D792 /* Images.xcassets */ = {isa = PBXFileReference; lastKnownFileType = folder.assetcatalog; path = Images.xcassets; sourceTree = "<group>"; };
		87D3A40A17F57A090091D792 /* main.m */ = {isa = PBXFileReference; fileEncoding = 4; lastKnownFileType = sourcecode.c.objc; path = main.m; sourceTree = "<group>"; };
		87D3A40B17F57A090091D792 /* NNAppDelegate.h */ = {isa = PBXFileReference; fileEncoding = 4; lastKnownFileType = sourcecode.c.h; path = NNAppDelegate.h; sourceTree = "<group>"; };
		87D3A40C17F57A090091D792 /* NNAppDelegate.m */ = {isa = PBXFileReference; fileEncoding = 4; lastKnownFileType = sourcecode.c.objc; path = NNAppDelegate.m; sourceTree = "<group>"; };
		87D3A40D17F57A090091D792 /* NNRotationBanner-Info.plist */ = {isa = PBXFileReference; fileEncoding = 4; lastKnownFileType = text.plist.xml; path = "NNRotationBanner-Info.plist"; sourceTree = "<group>"; };
		87D3A40E17F57A090091D792 /* NNRotationBanner-Prefix.pch */ = {isa = PBXFileReference; fileEncoding = 4; lastKnownFileType = sourcecode.c.h; path = "NNRotationBanner-Prefix.pch"; sourceTree = "<group>"; };
		87D3A41417F57A180091D792 /* NNViewController.h */ = {isa = PBXFileReference; fileEncoding = 4; lastKnownFileType = sourcecode.c.h; path = NNViewController.h; sourceTree = "<group>"; };
		87D3A41517F57A180091D792 /* NNViewController.m */ = {isa = PBXFileReference; fileEncoding = 4; lastKnownFileType = sourcecode.c.objc; path = NNViewController.m; sourceTree = "<group>"; };
		87D3A41717F57A620091D792 /* NNRotationBanner.h */ = {isa = PBXFileReference; fileEncoding = 4; lastKnownFileType = sourcecode.c.h; path = NNRotationBanner.h; sourceTree = "<group>"; };
		87D3A41817F57A620091D792 /* NNRotationBanner.m */ = {isa = PBXFileReference; fileEncoding = 4; lastKnownFileType = sourcecode.c.objc; path = NNRotationBanner.m; sourceTree = "<group>"; };
		87D3A41A17F57AEB0091D792 /* NNRotationBannerCell.h */ = {isa = PBXFileReference; fileEncoding = 4; lastKnownFileType = sourcecode.c.h; path = NNRotationBannerCell.h; sourceTree = "<group>"; };
		87D3A41B17F57AEB0091D792 /* NNRotationBannerCell.m */ = {isa = PBXFileReference; fileEncoding = 4; lastKnownFileType = sourcecode.c.objc; path = NNRotationBannerCell.m; sourceTree = "<group>"; };
/* End PBXFileReference section */

/* Begin PBXFrameworksBuildPhase section */
		87D3A3D117F579F00091D792 /* Frameworks */ = {
			isa = PBXFrameworksBuildPhase;
			buildActionMask = 2147483647;
			files = (
				87D3A3DA17F579F00091D792 /* CoreGraphics.framework in Frameworks */,
				87D3A3DC17F579F00091D792 /* UIKit.framework in Frameworks */,
				87D3A3D817F579F00091D792 /* Foundation.framework in Frameworks */,
			);
			runOnlyForDeploymentPostprocessing = 0;
		};
		87D3A3EC17F579F00091D792 /* Frameworks */ = {
			isa = PBXFrameworksBuildPhase;
			buildActionMask = 2147483647;
			files = (
				87D3A3F117F579F00091D792 /* XCTest.framework in Frameworks */,
				87D3A3F317F579F00091D792 /* UIKit.framework in Frameworks */,
				87D3A3F217F579F00091D792 /* Foundation.framework in Frameworks */,
			);
			runOnlyForDeploymentPostprocessing = 0;
		};
/* End PBXFrameworksBuildPhase section */

/* Begin PBXGroup section */
		87D3A3CB17F579EF0091D792 = {
			isa = PBXGroup;
			children = (
				87D3A40617F57A090091D792 /* Demo */,
				87D3A3DD17F579F00091D792 /* NNRotationBanner */,
				87D3A3F617F579F00091D792 /* NNRotationBannerTests */,
				87D3A3D617F579F00091D792 /* Frameworks */,
				87D3A3D517F579F00091D792 /* Products */,
			);
			sourceTree = "<group>";
		};
		87D3A3D517F579F00091D792 /* Products */ = {
			isa = PBXGroup;
			children = (
				87D3A3D417F579F00091D792 /* NNRotationBannerDemo.app */,
				87D3A3EF17F579F00091D792 /* NNRotationBannerTests.xctest */,
			);
			name = Products;
			sourceTree = "<group>";
		};
		87D3A3D617F579F00091D792 /* Frameworks */ = {
			isa = PBXGroup;
			children = (
				87D3A3D717F579F00091D792 /* Foundation.framework */,
				87D3A3D917F579F00091D792 /* CoreGraphics.framework */,
				87D3A3DB17F579F00091D792 /* UIKit.framework */,
				87D3A3F017F579F00091D792 /* XCTest.framework */,
			);
			name = Frameworks;
			sourceTree = "<group>";
		};
		87D3A3DD17F579F00091D792 /* NNRotationBanner */ = {
			isa = PBXGroup;
			children = (
				87D3A41717F57A620091D792 /* NNRotationBanner.h */,
				87D3A41817F57A620091D792 /* NNRotationBanner.m */,
				87D3A41A17F57AEB0091D792 /* NNRotationBannerCell.h */,
				87D3A41B17F57AEB0091D792 /* NNRotationBannerCell.m */,
			);
			path = NNRotationBanner;
			sourceTree = "<group>";
		};
		87D3A3F617F579F00091D792 /* NNRotationBannerTests */ = {
			isa = PBXGroup;
			children = (
				87D3A3FC17F579F00091D792 /* NNRotationBannerTests.m */,
				87D3A3F717F579F00091D792 /* Supporting Files */,
			);
			path = NNRotationBannerTests;
			sourceTree = "<group>";
		};
		87D3A3F717F579F00091D792 /* Supporting Files */ = {
			isa = PBXGroup;
			children = (
				87D3A3F817F579F00091D792 /* NNRotationBannerTests-Info.plist */,
				87D3A3F917F579F00091D792 /* InfoPlist.strings */,
			);
			name = "Supporting Files";
			sourceTree = "<group>";
		};
		87D3A40617F57A090091D792 /* Demo */ = {
			isa = PBXGroup;
			children = (
				87D3A40717F57A090091D792 /* InfoPlist.strings */,
				87D3A40917F57A090091D792 /* Images.xcassets */,
				87D3A40A17F57A090091D792 /* main.m */,
				87D3A40B17F57A090091D792 /* NNAppDelegate.h */,
				87D3A40C17F57A090091D792 /* NNAppDelegate.m */,
				87D3A40D17F57A090091D792 /* NNRotationBanner-Info.plist */,
				87D3A40E17F57A090091D792 /* NNRotationBanner-Prefix.pch */,
				87D3A41417F57A180091D792 /* NNViewController.h */,
				87D3A41517F57A180091D792 /* NNViewController.m */,
			);
			path = Demo;
			sourceTree = "<group>";
		};
/* End PBXGroup section */

/* Begin PBXNativeTarget section */
		87D3A3D317F579F00091D792 /* NNRotationBanner */ = {
			isa = PBXNativeTarget;
			buildConfigurationList = 87D3A40017F579F00091D792 /* Build configuration list for PBXNativeTarget "NNRotationBanner" */;
			buildPhases = (
				87D3A3D017F579F00091D792 /* Sources */,
				87D3A3D117F579F00091D792 /* Frameworks */,
				87D3A3D217F579F00091D792 /* Resources */,
			);
			buildRules = (
			);
			dependencies = (
			);
			name = NNRotationBanner;
			productName = NNRotationBanner;
			productReference = 87D3A3D417F579F00091D792 /* NNRotationBannerDemo.app */;
			productType = "com.apple.product-type.application";
		};
		87D3A3EE17F579F00091D792 /* NNRotationBannerTests */ = {
			isa = PBXNativeTarget;
			buildConfigurationList = 87D3A40317F579F00091D792 /* Build configuration list for PBXNativeTarget "NNRotationBannerTests" */;
			buildPhases = (
				87D3A3EB17F579F00091D792 /* Sources */,
				87D3A3EC17F579F00091D792 /* Frameworks */,
				87D3A3ED17F579F00091D792 /* Resources */,
			);
			buildRules = (
			);
			dependencies = (
				87D3A3F517F579F00091D792 /* PBXTargetDependency */,
			);
			name = NNRotationBannerTests;
			productName = NNRotationBannerTests;
			productReference = 87D3A3EF17F579F00091D792 /* NNRotationBannerTests.xctest */;
			productType = "com.apple.product-type.bundle.unit-test";
		};
/* End PBXNativeTarget section */

/* Begin PBXProject section */
		87D3A3CC17F579EF0091D792 /* Project object */ = {
			isa = PBXProject;
			attributes = {
				CLASSPREFIX = NN;
				LastUpgradeCheck = 0500;
				ORGANIZATIONNAME = "Naoto Horiguchi";
				TargetAttributes = {
					87D3A3EE17F579F00091D792 = {
						TestTargetID = 87D3A3D317F579F00091D792;
					};
				};
			};
			buildConfigurationList = 87D3A3CF17F579EF0091D792 /* Build configuration list for PBXProject "NNRotationBanner" */;
			compatibilityVersion = "Xcode 3.2";
			developmentRegion = English;
			hasScannedForEncodings = 0;
			knownRegions = (
				en,
			);
			mainGroup = 87D3A3CB17F579EF0091D792;
			productRefGroup = 87D3A3D517F579F00091D792 /* Products */;
			projectDirPath = "";
			projectRoot = "";
			targets = (
				87D3A3D317F579F00091D792 /* NNRotationBanner */,
				87D3A3EE17F579F00091D792 /* NNRotationBannerTests */,
			);
		};
/* End PBXProject section */

/* Begin PBXResourcesBuildPhase section */
		87D3A3D217F579F00091D792 /* Resources */ = {
			isa = PBXResourcesBuildPhase;
			buildActionMask = 2147483647;
			files = (
				87D3A40F17F57A090091D792 /* InfoPlist.strings in Resources */,
				87D3A41017F57A090091D792 /* Images.xcassets in Resources */,
			);
			runOnlyForDeploymentPostprocessing = 0;
		};
		87D3A3ED17F579F00091D792 /* Resources */ = {
			isa = PBXResourcesBuildPhase;
			buildActionMask = 2147483647;
			files = (
				87D3A3FB17F579F00091D792 /* InfoPlist.strings in Resources */,
			);
			runOnlyForDeploymentPostprocessing = 0;
		};
/* End PBXResourcesBuildPhase section */

/* Begin PBXSourcesBuildPhase section */
		87D3A3D017F579F00091D792 /* Sources */ = {
			isa = PBXSourcesBuildPhase;
			buildActionMask = 2147483647;
			files = (
				87D3A41617F57A180091D792 /* NNViewController.m in Sources */,
				87D3A41217F57A090091D792 /* NNAppDelegate.m in Sources */,
				87D3A41117F57A090091D792 /* main.m in Sources */,
				87D3A41917F57A620091D792 /* NNRotationBanner.m in Sources */,
				87D3A41C17F57AEB0091D792 /* NNRotationBannerCell.m in Sources */,
			);
			runOnlyForDeploymentPostprocessing = 0;
		};
		87D3A3EB17F579F00091D792 /* Sources */ = {
			isa = PBXSourcesBuildPhase;
			buildActionMask = 2147483647;
			files = (
				87D3A3FD17F579F00091D792 /* NNRotationBannerTests.m in Sources */,
			);
			runOnlyForDeploymentPostprocessing = 0;
		};
/* End PBXSourcesBuildPhase section */

/* Begin PBXTargetDependency section */
		87D3A3F517F579F00091D792 /* PBXTargetDependency */ = {
			isa = PBXTargetDependency;
			target = 87D3A3D317F579F00091D792 /* NNRotationBanner */;
			targetProxy = 87D3A3F417F579F00091D792 /* PBXContainerItemProxy */;
		};
/* End PBXTargetDependency section */

/* Begin PBXVariantGroup section */
		87D3A3F917F579F00091D792 /* InfoPlist.strings */ = {
			isa = PBXVariantGroup;
			children = (
				87D3A3FA17F579F00091D792 /* en */,
			);
			name = InfoPlist.strings;
			sourceTree = "<group>";
		};
		87D3A40717F57A090091D792 /* InfoPlist.strings */ = {
			isa = PBXVariantGroup;
			children = (
				87D3A40817F57A090091D792 /* en */,
			);
			name = InfoPlist.strings;
			sourceTree = "<group>";
		};
/* End PBXVariantGroup section */

/* Begin XCBuildConfiguration section */
		87D3A3FE17F579F00091D792 /* Debug */ = {
			isa = XCBuildConfiguration;
			buildSettings = {
				ALWAYS_SEARCH_USER_PATHS = NO;
				ARCHS = "$(ARCHS_STANDARD_INCLUDING_64_BIT)";
				CLANG_CXX_LANGUAGE_STANDARD = "gnu++0x";
				CLANG_CXX_LIBRARY = "libc++";
				CLANG_ENABLE_MODULES = YES;
				CLANG_ENABLE_OBJC_ARC = YES;
				CLANG_WARN_BOOL_CONVERSION = YES;
				CLANG_WARN_CONSTANT_CONVERSION = YES;
				CLANG_WARN_DIRECT_OBJC_ISA_USAGE = YES_ERROR;
				CLANG_WARN_EMPTY_BODY = YES;
				CLANG_WARN_ENUM_CONVERSION = YES;
				CLANG_WARN_INT_CONVERSION = YES;
				CLANG_WARN_OBJC_ROOT_CLASS = YES_ERROR;
				CLANG_WARN__DUPLICATE_METHOD_MATCH = YES;
				"CODE_SIGN_IDENTITY[sdk=iphoneos*]" = "iPhone Developer";
				COPY_PHASE_STRIP = NO;
				GCC_C_LANGUAGE_STANDARD = gnu99;
				GCC_DYNAMIC_NO_PIC = NO;
				GCC_OPTIMIZATION_LEVEL = 0;
				GCC_PREPROCESSOR_DEFINITIONS = (
					"DEBUG=1",
					"$(inherited)",
				);
				GCC_SYMBOLS_PRIVATE_EXTERN = NO;
				GCC_WARN_64_TO_32_BIT_CONVERSION = YES;
				GCC_WARN_ABOUT_RETURN_TYPE = YES_ERROR;
				GCC_WARN_UNDECLARED_SELECTOR = YES;
				GCC_WARN_UNINITIALIZED_AUTOS = YES;
				GCC_WARN_UNUSED_FUNCTION = YES;
				GCC_WARN_UNUSED_VARIABLE = YES;
				IPHONEOS_DEPLOYMENT_TARGET = 7.0;
				ONLY_ACTIVE_ARCH = YES;
				SDKROOT = iphoneos;
			};
			name = Debug;
		};
		87D3A3FF17F579F00091D792 /* Release */ = {
			isa = XCBuildConfiguration;
			buildSettings = {
				ALWAYS_SEARCH_USER_PATHS = NO;
				ARCHS = "$(ARCHS_STANDARD_INCLUDING_64_BIT)";
				CLANG_CXX_LANGUAGE_STANDARD = "gnu++0x";
				CLANG_CXX_LIBRARY = "libc++";
				CLANG_ENABLE_MODULES = YES;
				CLANG_ENABLE_OBJC_ARC = YES;
				CLANG_WARN_BOOL_CONVERSION = YES;
				CLANG_WARN_CONSTANT_CONVERSION = YES;
				CLANG_WARN_DIRECT_OBJC_ISA_USAGE = YES_ERROR;
				CLANG_WARN_EMPTY_BODY = YES;
				CLANG_WARN_ENUM_CONVERSION = YES;
				CLANG_WARN_INT_CONVERSION = YES;
				CLANG_WARN_OBJC_ROOT_CLASS = YES_ERROR;
				CLANG_WARN__DUPLICATE_METHOD_MATCH = YES;
				"CODE_SIGN_IDENTITY[sdk=iphoneos*]" = "iPhone Developer";
				COPY_PHASE_STRIP = YES;
				ENABLE_NS_ASSERTIONS = NO;
				GCC_C_LANGUAGE_STANDARD = gnu99;
				GCC_WARN_64_TO_32_BIT_CONVERSION = YES;
				GCC_WARN_ABOUT_RETURN_TYPE = YES_ERROR;
				GCC_WARN_UNDECLARED_SELECTOR = YES;
				GCC_WARN_UNINITIALIZED_AUTOS = YES;
				GCC_WARN_UNUSED_FUNCTION = YES;
				GCC_WARN_UNUSED_VARIABLE = YES;
				IPHONEOS_DEPLOYMENT_TARGET = 7.0;
				SDKROOT = iphoneos;
				VALIDATE_PRODUCT = YES;
			};
			name = Release;
		};
		87D3A40117F579F00091D792 /* Debug */ = {
			isa = XCBuildConfiguration;
			buildSettings = {
				ASSETCATALOG_COMPILER_APPICON_NAME = AppIcon;
				ASSETCATALOG_COMPILER_LAUNCHIMAGE_NAME = LaunchImage;
				GCC_PRECOMPILE_PREFIX_HEADER = YES;
				GCC_PREFIX_HEADER = "Demo/NNRotationBanner-Prefix.pch";
				INFOPLIST_FILE = "$(SRCROOT)/Demo/NNRotationBanner-Info.plist";
				PRODUCT_NAME = "$(TARGET_NAME)Demo";
				WRAPPER_EXTENSION = app;
			};
			name = Debug;
		};
		87D3A40217F579F00091D792 /* Release */ = {
			isa = XCBuildConfiguration;
			buildSettings = {
				ASSETCATALOG_COMPILER_APPICON_NAME = AppIcon;
				ASSETCATALOG_COMPILER_LAUNCHIMAGE_NAME = LaunchImage;
				GCC_PRECOMPILE_PREFIX_HEADER = YES;
				GCC_PREFIX_HEADER = "Demo/NNRotationBanner-Prefix.pch";
				INFOPLIST_FILE = "$(SRCROOT)/Demo/NNRotationBanner-Info.plist";
				PRODUCT_NAME = "$(TARGET_NAME)Demo";
				WRAPPER_EXTENSION = app;
			};
			name = Release;
		};
		87D3A40417F579F00091D792 /* Debug */ = {
			isa = XCBuildConfiguration;
			buildSettings = {
				ARCHS = "$(ARCHS_STANDARD_INCLUDING_64_BIT)";
				BUNDLE_LOADER = "$(BUILT_PRODUCTS_DIR)/NNRotationBanner.app/NNRotationBanner";
				FRAMEWORK_SEARCH_PATHS = (
					"$(SDKROOT)/Developer/Library/Frameworks",
					"$(inherited)",
					"$(DEVELOPER_FRAMEWORKS_DIR)",
				);
				GCC_PRECOMPILE_PREFIX_HEADER = YES;
				GCC_PREFIX_HEADER = "NNRotationBanner/NNRotationBanner-Prefix.pch";
				GCC_PREPROCESSOR_DEFINITIONS = (
					"DEBUG=1",
					"$(inherited)",
				);
				INFOPLIST_FILE = "NNRotationBannerTests/NNRotationBannerTests-Info.plist";
				PRODUCT_NAME = "$(TARGET_NAME)";
				TEST_HOST = "$(BUNDLE_LOADER)";
				WRAPPER_EXTENSION = xctest;
			};
			name = Debug;
		};
		87D3A40517F579F00091D792 /* Release */ = {
			isa = XCBuildConfiguration;
			buildSettings = {
				ARCHS = "$(ARCHS_STANDARD_INCLUDING_64_BIT)";
				BUNDLE_LOADER = "$(BUILT_PRODUCTS_DIR)/NNRotationBanner.app/NNRotationBanner";
				FRAMEWORK_SEARCH_PATHS = (
					"$(SDKROOT)/Developer/Library/Frameworks",
					"$(inherited)",
					"$(DEVELOPER_FRAMEWORKS_DIR)",
				);
				GCC_PRECOMPILE_PREFIX_HEADER = YES;
				GCC_PREFIX_HEADER = "NNRotationBanner/NNRotationBanner-Prefix.pch";
				INFOPLIST_FILE = "NNRotationBannerTests/NNRotationBannerTests-Info.plist";
				PRODUCT_NAME = "$(TARGET_NAME)";
				TEST_HOST = "$(BUNDLE_LOADER)";
				WRAPPER_EXTENSION = xctest;
			};
			name = Release;
		};
/* End XCBuildConfiguration section */

/* Begin XCConfigurationList section */
		87D3A3CF17F579EF0091D792 /* Build configuration list for PBXProject "NNRotationBanner" */ = {
			isa = XCConfigurationList;
			buildConfigurations = (
				87D3A3FE17F579F00091D792 /* Debug */,
				87D3A3FF17F579F00091D792 /* Release */,
			);
			defaultConfigurationIsVisible = 0;
			defaultConfigurationName = Release;
		};
		87D3A40017F579F00091D792 /* Build configuration list for PBXNativeTarget "NNRotationBanner" */ = {
			isa = XCConfigurationList;
			buildConfigurations = (
				87D3A40117F579F00091D792 /* Debug */,
				87D3A40217F579F00091D792 /* Release */,
			);
			defaultConfigurationIsVisible = 0;
		};
		87D3A40317F579F00091D792 /* Build configuration list for PBXNativeTarget "NNRotationBannerTests" */ = {
			isa = XCConfigurationList;
			buildConfigurations = (
				87D3A40417F579F00091D792 /* Debug */,
				87D3A40517F579F00091D792 /* Release */,
			);
			defaultConfigurationIsVisible = 0;
		};
/* End XCConfigurationList section */
	};
	rootObject = 87D3A3CC17F579EF0091D792 /* Project object */;
}
